
Microsoft Visual Studio Solution File, Format Version 12.00
# Visual Studio Version 17
VisualStudioVersion = 17.2.32526.322
MinimumVisualStudioVersion = 10.0.40219.1
Project("{FAE04EC0-301F-11D3-BF4B-00C04F79EFBC}") = "DBSales.Api", "DBSalesApi\DBSales.Api.csproj", "{BFBC8D3C-2036-49A6-BD94-C1457B331C77}"
EndProject
Project("{FAE04EC0-301F-11D3-BF4B-00C04F79EFBC}") = "DBSales.Entity", "DBSales.Entity\DBSales.Entity.csproj", "{6437708C-0A76-4F50-94AC-612B36550853}"
EndProject
Project("{FAE04EC0-301F-11D3-BF4B-00C04F79EFBC}") = "DBSales.Repository", "DBSales.Repository\DBSales.Repository.csproj", "{73B7F02A-F8E3-414D-BE0D-C6BF66044AE4}"
EndProject
Global
	GlobalSection(SolutionConfigurationPlatforms) = preSolution
		Debug|Any CPU = Debug|Any CPU
		Release|Any CPU = Release|Any CPU
	EndGlobalSection
	GlobalSection(ProjectConfigurationPlatforms) = postSolution
		{BFBC8D3C-2036-49A6-BD94-C1457B331C77}.Debug|Any CPU.ActiveCfg = Debug|Any CPU
		{BFBC8D3C-2036-49A6-BD94-C1457B331C77}.Debug|Any CPU.Build.0 = Debug|Any CPU
		{BFBC8D3C-2036-49A6-BD94-C1457B331C77}.Release|Any CPU.ActiveCfg = Release|Any CPU
		{BFBC8D3C-2036-49A6-BD94-C1457B331C77}.Release|Any CPU.Build.0 = Release|Any CPU
		{6437708C-0A76-4F50-94AC-612B36550853}.Debug|Any CPU.ActiveCfg = Debug|Any CPU
		{6437708C-0A76-4F50-94AC-612B36550853}.Debug|Any CPU.Build.0 = Debug|Any CPU
		{6437708C-0A76-4F50-94AC-612B36550853}.Release|Any CPU.ActiveCfg = Release|Any CPU
		{6437708C-0A76-4F50-94AC-612B36550853}.Release|Any CPU.Build.0 = Release|Any CPU
		{73B7F02A-F8E3-414D-BE0D-C6BF66044AE4}.Debug|Any CPU.ActiveCfg = Debug|Any CPU
		{73B7F02A-F8E3-414D-BE0D-C6BF66044AE4}.Debug|Any CPU.Build.0 = Debug|Any CPU
		{73B7F02A-F8E3-414D-BE0D-C6BF66044AE4}.Release|Any CPU.ActiveCfg = Release|Any CPU
		{73B7F02A-F8E3-414D-BE0D-C6BF66044AE4}.Release|Any CPU.Build.0 = Release|Any CPU
	EndGlobalSection
	GlobalSection(SolutionProperties) = preSolution
		HideSolutionNode = FALSE
	EndGlobalSection
	GlobalSection(ExtensibilityGlobals) = postSolution
		SolutionGuid = {8DD38360-C431-4DF1-9E26-27C86A89A73D}
	EndGlobalSection
EndGlobal
